
Microsoft Visual Studio Solution File, Format Version 12.00
# Visual Studio Version 16
VisualStudioVersion = 16.0.33130.400
MinimumVisualStudioVersion = 10.0.40219.1
Project("{FAE04EC0-301F-11D3-BF4B-00C04F79EFBC}") = "weatherapp", "weatherapp\weatherapp.csproj", "{AD113274-A8B5-4212-BBD8-2743A459E82E}"
EndProject
Global
	GlobalSection(SolutionConfigurationPlatforms) = preSolution
		Debug|Any CPU = Debug|Any CPU
		Release|Any CPU = Release|Any CPU
	EndGlobalSection
	GlobalSection(ProjectConfigurationPlatforms) = postSolution
		{AD113274-A8B5-4212-BBD8-2743A459E82E}.Debug|Any CPU.ActiveCfg = Debug|Any CPU
		{AD113274-A8B5-4212-BBD8-2743A459E82E}.Debug|Any CPU.Build.0 = Debug|Any CPU
		{AD113274-A8B5-4212-BBD8-2743A459E82E}.Release|Any CPU.ActiveCfg = Release|Any CPU
		{AD113274-A8B5-4212-BBD8-2743A459E82E}.Release|Any CPU.Build.0 = Release|Any CPU
	EndGlobalSection
	GlobalSection(SolutionProperties) = preSolution
		HideSolutionNode = FALSE
	EndGlobalSection
	GlobalSection(ExtensibilityGlobals) = postSolution
		SolutionGuid = {67AA5B45-E98F-437B-BF04-B115953760BB}
	EndGlobalSection
EndGlobal
